
Microsoft Visual Studio Solution File, Format Version 12.00
# Visual Studio Version 17
VisualStudioVersion = 17.4.33213.308
MinimumVisualStudioVersion = 10.0.40219.1
Project("{FAE04EC0-301F-11D3-BF4B-00C04F79EFBC}") = "Vehicles2", "Vehicles2\Vehicles2.csproj", "{713DB20B-6DE6-425F-8703-CBCDA8A7504E}"
EndProject
Global
	GlobalSection(SolutionConfigurationPlatforms) = preSolution
		Debug|Any CPU = Debug|Any CPU
		Release|Any CPU = Release|Any CPU
	EndGlobalSection
	GlobalSection(ProjectConfigurationPlatforms) = postSolution
		{713DB20B-6DE6-425F-8703-CBCDA8A7504E}.Debug|Any CPU.ActiveCfg = Debug|Any CPU
		{713DB20B-6DE6-425F-8703-CBCDA8A7504E}.Debug|Any CPU.Build.0 = Debug|Any CPU
		{713DB20B-6DE6-425F-8703-CBCDA8A7504E}.Release|Any CPU.ActiveCfg = Release|Any CPU
		{713DB20B-6DE6-425F-8703-CBCDA8A7504E}.Release|Any CPU.Build.0 = Release|Any CPU
	EndGlobalSection
	GlobalSection(SolutionProperties) = preSolution
		HideSolutionNode = FALSE
	EndGlobalSection
	GlobalSection(ExtensibilityGlobals) = postSolution
		SolutionGuid = {579AC9FE-FCC1-49AF-A3A4-1D36C7261A3F}
	EndGlobalSection
EndGlobal
